
Microsoft Visual Studio Solution File, Format Version 12.00
# Visual Studio 14
VisualStudioVersion = 14.0.24720.0
MinimumVisualStudioVersion = 10.0.40219.1
Project("{FAE04EC0-301F-11D3-BF4B-00C04F79EFBC}") = "HelloWorldUnitTest", "HelloWorldUnitTest\HelloWorldUnitTest.csproj", "{65E95C68-8076-42E8-9556-4D08AF4FAB54}"
EndProject
Global
	GlobalSection(SolutionConfigurationPlatforms) = preSolution
		Debug|Any CPU = Debug|Any CPU
		Release|Any CPU = Release|Any CPU
	EndGlobalSection
	GlobalSection(ProjectConfigurationPlatforms) = postSolution
		{65E95C68-8076-42E8-9556-4D08AF4FAB54}.Debug|Any CPU.ActiveCfg = Debug|Any CPU
		{65E95C68-8076-42E8-9556-4D08AF4FAB54}.Debug|Any CPU.Build.0 = Debug|Any CPU
		{65E95C68-8076-42E8-9556-4D08AF4FAB54}.Release|Any CPU.ActiveCfg = Release|Any CPU
		{65E95C68-8076-42E8-9556-4D08AF4FAB54}.Release|Any CPU.Build.0 = Release|Any CPU
	EndGlobalSection
	GlobalSection(SolutionProperties) = preSolution
		HideSolutionNode = FALSE
	EndGlobalSection
EndGlobal
